{
  "name": "lifepage",
  "version": "0.0.1",
  "lockfileVersion": 1,
  "requires": true,
  "dependencies": {
    "elm-canvas": {
      "version": "2.2.4",
      "resolved": "https://registry.npmjs.org/elm-canvas/-/elm-canvas-2.2.4.tgz",
      "integrity": "sha512-Kc2MD5CO161/+6WWfzmRB14v4D4RFTK9+7oWOCKVLIxNdud4YYvFIwfJS5PrhMGfiyqxK64ie2FDIcFGLVJdbw=="
    }
  }
}
